
Microsoft Visual Studio Solution File, Format Version 12.00
# Visual Studio Version 16
VisualStudioVersion = 16.0.29709.97
MinimumVisualStudioVersion = 10.0.40219.1
Project("{FAE04EC0-301F-11D3-BF4B-00C04F79EFBC}") = "Quoter", "Quoter\Quoter.csproj", "{854CB127-E3B2-4D24-A8A4-430ECEE4C279}"
EndProject
Global
	GlobalSection(SolutionConfigurationPlatforms) = preSolution
		Debug|Any CPU = Debug|Any CPU
		Release|Any CPU = Release|Any CPU
	EndGlobalSection
	GlobalSection(ProjectConfigurationPlatforms) = postSolution
		{854CB127-E3B2-4D24-A8A4-430ECEE4C279}.Debug|Any CPU.ActiveCfg = Debug|Any CPU
		{854CB127-E3B2-4D24-A8A4-430ECEE4C279}.Debug|Any CPU.Build.0 = Debug|Any CPU
		{854CB127-E3B2-4D24-A8A4-430ECEE4C279}.Release|Any CPU.ActiveCfg = Release|Any CPU
		{854CB127-E3B2-4D24-A8A4-430ECEE4C279}.Release|Any CPU.Build.0 = Release|Any CPU
	EndGlobalSection
	GlobalSection(SolutionProperties) = preSolution
		HideSolutionNode = FALSE
	EndGlobalSection
	GlobalSection(ExtensibilityGlobals) = postSolution
		SolutionGuid = {633A656F-F417-4903-B2DA-5181FC70519A}
	EndGlobalSection
EndGlobal
